// !$*UTF8*$!
{
	archiveVersion = 1;
	classes = {
	};
	objectVersion = 50;
	objects = {

/* Begin PBXBuildFile section */
		1A114434235E006300CD2C4F /* AppDelegate.swift in Sources */ = {isa = PBXBuildFile; fileRef = 1A114433235E006300CD2C4F /* AppDelegate.swift */; };
		1A114436235E006300CD2C4F /* ViewController.swift in Sources */ = {isa = PBXBuildFile; fileRef = 1A114435235E006300CD2C4F /* ViewController.swift */; };
		1A114439235E006300CD2C4F /* Main.storyboard in Resources */ = {isa = PBXBuildFile; fileRef = 1A114437235E006300CD2C4F /* Main.storyboard */; };
		1A11443B235E007000CD2C4F /* Assets.xcassets in Resources */ = {isa = PBXBuildFile; fileRef = 1A11443A235E007000CD2C4F /* Assets.xcassets */; };
		1A11443E235E007000CD2C4F /* LaunchScreen.storyboard in Resources */ = {isa = PBXBuildFile; fileRef = 1A11443C235E007000CD2C4F /* LaunchScreen.storyboard */; };
		1A114447235E01A400CD2C4F /* OwnerSummary.swift in Sources */ = {isa = PBXBuildFile; fileRef = 1A114446235E01A400CD2C4F /* OwnerSummary.swift */; };
		1A11444A235E0A6300CD2C4F /* circular_view.swift in Sources */ = {isa = PBXBuildFile; fileRef = 1A114449235E0A6300CD2C4F /* circular_view.swift */; };
		1A11444C235E357F00CD2C4F /* rounded_button.swift in Sources */ = {isa = PBXBuildFile; fileRef = 1A11444B235E357F00CD2C4F /* rounded_button.swift */; };
		1A11444F235E471D00CD2C4F /* Requests.swift in Sources */ = {isa = PBXBuildFile; fileRef = 1A11444E235E471D00CD2C4F /* Requests.swift */; };
		1A114451235E477700CD2C4F /* ImageDownloadCaching.swift in Sources */ = {isa = PBXBuildFile; fileRef = 1A114450235E477700CD2C4F /* ImageDownloadCaching.swift */; };
		1AA837F5236B1EAB00F74F09 /* TitleSectionDetailMessageCell.swift in Sources */ = {isa = PBXBuildFile; fileRef = 1AA837F3236B1EAB00F74F09 /* TitleSectionDetailMessageCell.swift */; };
		1AA837F6236B1EAB00F74F09 /* TitleSectionDetailMessageCell.xib in Resources */ = {isa = PBXBuildFile; fileRef = 1AA837F4236B1EAB00F74F09 /* TitleSectionDetailMessageCell.xib */; };
		1AA837F9236B221500F74F09 /* contentSectionDetailMessageCell.swift in Sources */ = {isa = PBXBuildFile; fileRef = 1AA837F7236B221500F74F09 /* contentSectionDetailMessageCell.swift */; };
		1AA837FA236B221500F74F09 /* contentSectionDetailMessageCell.xib in Resources */ = {isa = PBXBuildFile; fileRef = 1AA837F8236B221500F74F09 /* contentSectionDetailMessageCell.xib */; };
		1AA837FE236B2AAA00F74F09 /* footerDetailMessageCell.swift in Sources */ = {isa = PBXBuildFile; fileRef = 1AA837FC236B2AAA00F74F09 /* footerDetailMessageCell.swift */; };
		1AA837FF236B2AAA00F74F09 /* footerDetailMessageCell.xib in Resources */ = {isa = PBXBuildFile; fileRef = 1AA837FD236B2AAA00F74F09 /* footerDetailMessageCell.xib */; };
		1AA83801236B2D4300F74F09 /* DetailMessage.swift in Sources */ = {isa = PBXBuildFile; fileRef = 1AA83800236B2D4300F74F09 /* DetailMessage.swift */; };
		1AD0018E236A3FAA00B527BC /* headerDetailMessageCell.swift in Sources */ = {isa = PBXBuildFile; fileRef = 1AD0018C236A3FAA00B527BC /* headerDetailMessageCell.swift */; };
		1AD0018F236A3FAA00B527BC /* headerDetailMessageCell.xib in Resources */ = {isa = PBXBuildFile; fileRef = 1AD0018D236A3FAA00B527BC /* headerDetailMessageCell.xib */; };
/* End PBXBuildFile section */

/* Begin PBXFileReference section */
		1A114430235E006300CD2C4F /* Summary.app */ = {isa = PBXFileReference; explicitFileType = wrapper.application; includeInIndex = 0; path = Summary.app; sourceTree = BUILT_PRODUCTS_DIR; };
		1A114433235E006300CD2C4F /* AppDelegate.swift */ = {isa = PBXFileReference; lastKnownFileType = sourcecode.swift; path = AppDelegate.swift; sourceTree = "<group>"; };
		1A114435235E006300CD2C4F /* ViewController.swift */ = {isa = PBXFileReference; lastKnownFileType = sourcecode.swift; path = ViewController.swift; sourceTree = "<group>"; };
		1A114438235E006300CD2C4F /* Base */ = {isa = PBXFileReference; lastKnownFileType = file.storyboard; name = Base; path = Base.lproj/Main.storyboard; sourceTree = "<group>"; };
		1A11443A235E007000CD2C4F /* Assets.xcassets */ = {isa = PBXFileReference; lastKnownFileType = folder.assetcatalog; path = Assets.xcassets; sourceTree = "<group>"; };
		1A11443D235E007000CD2C4F /* Base */ = {isa = PBXFileReference; lastKnownFileType = file.storyboard; name = Base; path = Base.lproj/LaunchScreen.storyboard; sourceTree = "<group>"; };
		1A11443F235E007000CD2C4F /* Info.plist */ = {isa = PBXFileReference; lastKnownFileType = text.plist.xml; path = Info.plist; sourceTree = "<group>"; };
		1A114446235E01A400CD2C4F /* OwnerSummary.swift */ = {isa = PBXFileReference; lastKnownFileType = sourcecode.swift; path = OwnerSummary.swift; sourceTree = "<group>"; };
		1A114449235E0A6300CD2C4F /* circular_view.swift */ = {isa = PBXFileReference; lastKnownFileType = sourcecode.swift; path = circular_view.swift; sourceTree = "<group>"; };
		1A11444B235E357F00CD2C4F /* rounded_button.swift */ = {isa = PBXFileReference; lastKnownFileType = sourcecode.swift; path = rounded_button.swift; sourceTree = "<group>"; };
		1A11444E235E471D00CD2C4F /* Requests.swift */ = {isa = PBXFileReference; lastKnownFileType = sourcecode.swift; path = Requests.swift; sourceTree = "<group>"; };
		1A114450235E477700CD2C4F /* ImageDownloadCaching.swift */ = {isa = PBXFileReference; lastKnownFileType = sourcecode.swift; path = ImageDownloadCaching.swift; sourceTree = "<group>"; };
		1AA837F3236B1EAB00F74F09 /* TitleSectionDetailMessageCell.swift */ = {isa = PBXFileReference; lastKnownFileType = sourcecode.swift; path = TitleSectionDetailMessageCell.swift; sourceTree = "<group>"; };
		1AA837F4236B1EAB00F74F09 /* TitleSectionDetailMessageCell.xib */ = {isa = PBXFileReference; lastKnownFileType = file.xib; path = TitleSectionDetailMessageCell.xib; sourceTree = "<group>"; };
		1AA837F7236B221500F74F09 /* contentSectionDetailMessageCell.swift */ = {isa = PBXFileReference; lastKnownFileType = sourcecode.swift; path = contentSectionDetailMessageCell.swift; sourceTree = "<group>"; };
		1AA837F8236B221500F74F09 /* contentSectionDetailMessageCell.xib */ = {isa = PBXFileReference; lastKnownFileType = file.xib; path = contentSectionDetailMessageCell.xib; sourceTree = "<group>"; };
		1AA837FC236B2AAA00F74F09 /* footerDetailMessageCell.swift */ = {isa = PBXFileReference; lastKnownFileType = sourcecode.swift; path = footerDetailMessageCell.swift; sourceTree = "<group>"; };
		1AA837FD236B2AAA00F74F09 /* footerDetailMessageCell.xib */ = {isa = PBXFileReference; lastKnownFileType = file.xib; path = footerDetailMessageCell.xib; sourceTree = "<group>"; };
		1AA83800236B2D4300F74F09 /* DetailMessage.swift */ = {isa = PBXFileReference; lastKnownFileType = sourcecode.swift; path = DetailMessage.swift; sourceTree = "<group>"; };
		1AD0018C236A3FAA00B527BC /* headerDetailMessageCell.swift */ = {isa = PBXFileReference; lastKnownFileType = sourcecode.swift; path = headerDetailMessageCell.swift; sourceTree = "<group>"; };
		1AD0018D236A3FAA00B527BC /* headerDetailMessageCell.xib */ = {isa = PBXFileReference; lastKnownFileType = file.xib; path = headerDetailMessageCell.xib; sourceTree = "<group>"; };
/* End PBXFileReference section */

/* Begin PBXFrameworksBuildPhase section */
		1A11442D235E006300CD2C4F /* Frameworks */ = {
			isa = PBXFrameworksBuildPhase;
			buildActionMask = 2147483647;
			files = (
			);
			runOnlyForDeploymentPostprocessing = 0;
		};
/* End PBXFrameworksBuildPhase section */

/* Begin PBXGroup section */
		1A114427235E006300CD2C4F = {
			isa = PBXGroup;
			children = (
				1A114432235E006300CD2C4F /* Summary */,
				1A114431235E006300CD2C4F /* Products */,
			);
			sourceTree = "<group>";
		};
		1A114431235E006300CD2C4F /* Products */ = {
			isa = PBXGroup;
			children = (
				1A114430235E006300CD2C4F /* Summary.app */,
			);
			name = Products;
			sourceTree = "<group>";
		};
		1A114432235E006300CD2C4F /* Summary */ = {
			isa = PBXGroup;
			children = (
				1AA837FB236B29F200F74F09 /* ViewsController */,
				1AD0018B236A3E8800B527BC /* DetailMessageInbox */,
				1A114445235E00A800CD2C4F /* OwnerSummary */,
				1A114433235E006300CD2C4F /* AppDelegate.swift */,
				1A114435235E006300CD2C4F /* ViewController.swift */,
				1A114437235E006300CD2C4F /* Main.storyboard */,
				1A11443A235E007000CD2C4F /* Assets.xcassets */,
				1A11443C235E007000CD2C4F /* LaunchScreen.storyboard */,
				1A11443F235E007000CD2C4F /* Info.plist */,
			);
			path = Summary;
			sourceTree = "<group>";
		};
		1A114445235E00A800CD2C4F /* OwnerSummary */ = {
			isa = PBXGroup;
			children = (
				1A11444D235E470900CD2C4F /* Commons */,
				1A114448235E0A2C00CD2C4F /* Styles */,
				1A114446235E01A400CD2C4F /* OwnerSummary.swift */,
			);
			path = OwnerSummary;
			sourceTree = "<group>";
		};
		1A114448235E0A2C00CD2C4F /* Styles */ = {
			isa = PBXGroup;
			children = (
				1A114449235E0A6300CD2C4F /* circular_view.swift */,
				1A11444B235E357F00CD2C4F /* rounded_button.swift */,
			);
			path = Styles;
			sourceTree = "<group>";
		};
		1A11444D235E470900CD2C4F /* Commons */ = {
			isa = PBXGroup;
			children = (
				1A11444E235E471D00CD2C4F /* Requests.swift */,
				1A114450235E477700CD2C4F /* ImageDownloadCaching.swift */,
			);
			path = Commons;
			sourceTree = "<group>";
		};
		1AA837FB236B29F200F74F09 /* ViewsController */ = {
			isa = PBXGroup;
			children = (
				1AA83800236B2D4300F74F09 /* DetailMessage.swift */,
			);
			path = ViewsController;
			sourceTree = "<group>";
		};
		1AD0018B236A3E8800B527BC /* DetailMessageInbox */ = {
			isa = PBXGroup;
			children = (
				1AD0018C236A3FAA00B527BC /* headerDetailMessageCell.swift */,
				1AD0018D236A3FAA00B527BC /* headerDetailMessageCell.xib */,
				1AA837F3236B1EAB00F74F09 /* TitleSectionDetailMessageCell.swift */,
				1AA837F4236B1EAB00F74F09 /* TitleSectionDetailMessageCell.xib */,
				1AA837F7236B221500F74F09 /* contentSectionDetailMessageCell.swift */,
				1AA837F8236B221500F74F09 /* contentSectionDetailMessageCell.xib */,
				1AA837FC236B2AAA00F74F09 /* footerDetailMessageCell.swift */,
				1AA837FD236B2AAA00F74F09 /* footerDetailMessageCell.xib */,
			);
			path = DetailMessageInbox;
			sourceTree = "<group>";
		};
/* End PBXGroup section */

/* Begin PBXNativeTarget section */
		1A11442F235E006300CD2C4F /* Summary */ = {
			isa = PBXNativeTarget;
			buildConfigurationList = 1A114442235E007000CD2C4F /* Build configuration list for PBXNativeTarget "Summary" */;
			buildPhases = (
				1A11442C235E006300CD2C4F /* Sources */,
				1A11442D235E006300CD2C4F /* Frameworks */,
				1A11442E235E006300CD2C4F /* Resources */,
			);
			buildRules = (
			);
			dependencies = (
			);
			name = Summary;
			productName = Summary;
			productReference = 1A114430235E006300CD2C4F /* Summary.app */;
			productType = "com.apple.product-type.application";
		};
/* End PBXNativeTarget section */

/* Begin PBXProject section */
		1A114428235E006300CD2C4F /* Project object */ = {
			isa = PBXProject;
			attributes = {
				LastSwiftUpdateCheck = 1010;
				LastUpgradeCheck = 1010;
				ORGANIZATIONNAME = "Wilman Rojas";
				TargetAttributes = {
					1A11442F235E006300CD2C4F = {
						CreatedOnToolsVersion = 10.1;
					};
				};
			};
			buildConfigurationList = 1A11442B235E006300CD2C4F /* Build configuration list for PBXProject "Summary" */;
			compatibilityVersion = "Xcode 9.3";
			developmentRegion = en;
			hasScannedForEncodings = 0;
			knownRegions = (
				en,
				Base,
			);
			mainGroup = 1A114427235E006300CD2C4F;
			productRefGroup = 1A114431235E006300CD2C4F /* Products */;
			projectDirPath = "";
			projectRoot = "";
			targets = (
				1A11442F235E006300CD2C4F /* Summary */,
			);
		};
/* End PBXProject section */

/* Begin PBXResourcesBuildPhase section */
		1A11442E235E006300CD2C4F /* Resources */ = {
			isa = PBXResourcesBuildPhase;
			buildActionMask = 2147483647;
			files = (
				1AA837FF236B2AAA00F74F09 /* footerDetailMessageCell.xib in Resources */,
				1A11443E235E007000CD2C4F /* LaunchScreen.storyboard in Resources */,
				1AD0018F236A3FAA00B527BC /* headerDetailMessageCell.xib in Resources */,
				1AA837F6236B1EAB00F74F09 /* TitleSectionDetailMessageCell.xib in Resources */,
				1A11443B235E007000CD2C4F /* Assets.xcassets in Resources */,
				1AA837FA236B221500F74F09 /* contentSectionDetailMessageCell.xib in Resources */,
				1A114439235E006300CD2C4F /* Main.storyboard in Resources */,
			);
			runOnlyForDeploymentPostprocessing = 0;
		};
/* End PBXResourcesBuildPhase section */

/* Begin PBXSourcesBuildPhase section */
		1A11442C235E006300CD2C4F /* Sources */ = {
			isa = PBXSourcesBuildPhase;
			buildActionMask = 2147483647;
			files = (
				1AA837F9236B221500F74F09 /* contentSectionDetailMessageCell.swift in Sources */,
				1A11444C235E357F00CD2C4F /* rounded_button.swift in Sources */,
				1AA837F5236B1EAB00F74F09 /* TitleSectionDetailMessageCell.swift in Sources */,
				1AD0018E236A3FAA00B527BC /* headerDetailMessageCell.swift in Sources */,
				1A114436235E006300CD2C4F /* ViewController.swift in Sources */,
				1A11444A235E0A6300CD2C4F /* circular_view.swift in Sources */,
				1A114451235E477700CD2C4F /* ImageDownloadCaching.swift in Sources */,
				1A11444F235E471D00CD2C4F /* Requests.swift in Sources */,
				1A114434235E006300CD2C4F /* AppDelegate.swift in Sources */,
				1A114447235E01A400CD2C4F /* OwnerSummary.swift in Sources */,
				1AA83801236B2D4300F74F09 /* DetailMessage.swift in Sources */,
				1AA837FE236B2AAA00F74F09 /* footerDetailMessageCell.swift in Sources */,
			);
			runOnlyForDeploymentPostprocessing = 0;
		};
/* End PBXSourcesBuildPhase section */

/* Begin PBXVariantGroup section */
		1A114437235E006300CD2C4F /* Main.storyboard */ = {
			isa = PBXVariantGroup;
			children = (
				1A114438235E006300CD2C4F /* Base */,
			);
			name = Main.storyboard;
			sourceTree = "<group>";
		};
		1A11443C235E007000CD2C4F /* LaunchScreen.storyboard */ = {
			isa = PBXVariantGroup;
			children = (
				1A11443D235E007000CD2C4F /* Base */,
			);
			name = LaunchScreen.storyboard;
			sourceTree = "<group>";
		};
/* End PBXVariantGroup section */

/* Begin XCBuildConfiguration section */
		1A114440235E007000CD2C4F /* Debug */ = {
			isa = XCBuildConfiguration;
			buildSettings = {
				ALWAYS_SEARCH_USER_PATHS = NO;
				CLANG_ANALYZER_NONNULL = YES;
				CLANG_ANALYZER_NUMBER_OBJECT_CONVERSION = YES_AGGRESSIVE;
				CLANG_CXX_LANGUAGE_STANDARD = "gnu++14";
				CLANG_CXX_LIBRARY = "libc++";
				CLANG_ENABLE_MODULES = YES;
				CLANG_ENABLE_OBJC_ARC = YES;
				CLANG_ENABLE_OBJC_WEAK = YES;
				CLANG_WARN_BLOCK_CAPTURE_AUTORELEASING = YES;
				CLANG_WARN_BOOL_CONVERSION = YES;
				CLANG_WARN_COMMA = YES;
				CLANG_WARN_CONSTANT_CONVERSION = YES;
				CLANG_WARN_DEPRECATED_OBJC_IMPLEMENTATIONS = YES;
				CLANG_WARN_DIRECT_OBJC_ISA_USAGE = YES_ERROR;
				CLANG_WARN_DOCUMENTATION_COMMENTS = YES;
				CLANG_WARN_EMPTY_BODY = YES;
				CLANG_WARN_ENUM_CONVERSION = YES;
				CLANG_WARN_INFINITE_RECURSION = YES;
				CLANG_WARN_INT_CONVERSION = YES;
				CLANG_WARN_NON_LITERAL_NULL_CONVERSION = YES;
				CLANG_WARN_OBJC_IMPLICIT_RETAIN_SELF = YES;
				CLANG_WARN_OBJC_LITERAL_CONVERSION = YES;
				CLANG_WARN_OBJC_ROOT_CLASS = YES_ERROR;
				CLANG_WARN_RANGE_LOOP_ANALYSIS = YES;
				CLANG_WARN_STRICT_PROTOTYPES = YES;
				CLANG_WARN_SUSPICIOUS_MOVE = YES;
				CLANG_WARN_UNGUARDED_AVAILABILITY = YES_AGGRESSIVE;
				CLANG_WARN_UNREACHABLE_CODE = YES;
				CLANG_WARN__DUPLICATE_METHOD_MATCH = YES;
				CODE_SIGN_IDENTITY = "iPhone Developer";
				COPY_PHASE_STRIP = NO;
				DEBUG_INFORMATION_FORMAT = dwarf;
				ENABLE_STRICT_OBJC_MSGSEND = YES;
				ENABLE_TESTABILITY = YES;
				GCC_C_LANGUAGE_STANDARD = gnu11;
				GCC_DYNAMIC_NO_PIC = NO;
				GCC_NO_COMMON_BLOCKS = YES;
				GCC_OPTIMIZATION_LEVEL = 0;
				GCC_PREPROCESSOR_DEFINITIONS = (
					"DEBUG=1",
					"$(inherited)",
				);
				GCC_WARN_64_TO_32_BIT_CONVERSION = YES;
				GCC_WARN_ABOUT_RETURN_TYPE = YES_ERROR;
				GCC_WARN_UNDECLARED_SELECTOR = YES;
				GCC_WARN_UNINITIALIZED_AUTOS = YES_AGGRESSIVE;
				GCC_WARN_UNUSED_FUNCTION = YES;
				GCC_WARN_UNUSED_VARIABLE = YES;
				IPHONEOS_DEPLOYMENT_TARGET = 12.1;
				MTL_ENABLE_DEBUG_INFO = INCLUDE_SOURCE;
				MTL_FAST_MATH = YES;
				ONLY_ACTIVE_ARCH = YES;
				SDKROOT = iphoneos;
				SWIFT_ACTIVE_COMPILATION_CONDITIONS = DEBUG;
				SWIFT_OPTIMIZATION_LEVEL = "-Onone";
			};
			name = Debug;
		};
		1A114441235E007000CD2C4F /* Release */ = {
			isa = XCBuildConfiguration;
			buildSettings = {
				ALWAYS_SEARCH_USER_PATHS = NO;
				CLANG_ANALYZER_NONNULL = YES;
				CLANG_ANALYZER_NUMBER_OBJECT_CONVERSION = YES_AGGRESSIVE;
				CLANG_CXX_LANGUAGE_STANDARD = "gnu++14";
				CLANG_CXX_LIBRARY = "libc++";
				CLANG_ENABLE_MODULES = YES;
				CLANG_ENABLE_OBJC_ARC = YES;
				CLANG_ENABLE_OBJC_WEAK = YES;
				CLANG_WARN_BLOCK_CAPTURE_AUTORELEASING = YES;
				CLANG_WARN_BOOL_CONVERSION = YES;
				CLANG_WARN_COMMA = YES;
				CLANG_WARN_CONSTANT_CONVERSION = YES;
				CLANG_WARN_DEPRECATED_OBJC_IMPLEMENTATIONS = YES;
				CLANG_WARN_DIRECT_OBJC_ISA_USAGE = YES_ERROR;
				CLANG_WARN_DOCUMENTATION_COMMENTS = YES;
				CLANG_WARN_EMPTY_BODY = YES;
				CLANG_WARN_ENUM_CONVERSION = YES;
				CLANG_WARN_INFINITE_RECURSION = YES;
				CLANG_WARN_INT_CONVERSION = YES;
				CLANG_WARN_NON_LITERAL_NULL_CONVERSION = YES;
				CLANG_WARN_OBJC_IMPLICIT_RETAIN_SELF = YES;
				CLANG_WARN_OBJC_LITERAL_CONVERSION = YES;
				CLANG_WARN_OBJC_ROOT_CLASS = YES_ERROR;
				CLANG_WARN_RANGE_LOOP_ANALYSIS = YES;
				CLANG_WARN_STRICT_PROTOTYPES = YES;
				CLANG_WARN_SUSPICIOUS_MOVE = YES;
				CLANG_WARN_UNGUARDED_AVAILABILITY = YES_AGGRESSIVE;
				CLANG_WARN_UNREACHABLE_CODE = YES;
				CLANG_WARN__DUPLICATE_METHOD_MATCH = YES;
				CODE_SIGN_IDENTITY = "iPhone Developer";
				COPY_PHASE_STRIP = NO;
				DEBUG_INFORMATION_FORMAT = "dwarf-with-dsym";
				ENABLE_NS_ASSERTIONS = NO;
				ENABLE_STRICT_OBJC_MSGSEND = YES;
				GCC_C_LANGUAGE_STANDARD = gnu11;
				GCC_NO_COMMON_BLOCKS = YES;
				GCC_WARN_64_TO_32_BIT_CONVERSION = YES;
				GCC_WARN_ABOUT_RETURN_TYPE = YES_ERROR;
				GCC_WARN_UNDECLARED_SELECTOR = YES;
				GCC_WARN_UNINITIALIZED_AUTOS = YES_AGGRESSIVE;
				GCC_WARN_UNUSED_FUNCTION = YES;
				GCC_WARN_UNUSED_VARIABLE = YES;
				IPHONEOS_DEPLOYMENT_TARGET = 12.1;
				MTL_ENABLE_DEBUG_INFO = NO;
				MTL_FAST_MATH = YES;
				SDKROOT = iphoneos;
				SWIFT_COMPILATION_MODE = wholemodule;
				SWIFT_OPTIMIZATION_LEVEL = "-O";
				VALIDATE_PRODUCT = YES;
			};
			name = Release;
		};
		1A114443235E007000CD2C4F /* Debug */ = {
			isa = XCBuildConfiguration;
			buildSettings = {
				ASSETCATALOG_COMPILER_APPICON_NAME = AppIcon;
				CODE_SIGN_STYLE = Automatic;
				INFOPLIST_FILE = Summary/Info.plist;
				LD_RUNPATH_SEARCH_PATHS = (
					"$(inherited)",
					"@executable_path/Frameworks",
				);
				PRODUCT_BUNDLE_IDENTIFIER = com.WilmanRojas.Summary;
				PRODUCT_NAME = "$(TARGET_NAME)";
				SWIFT_VERSION = 4.2;
				TARGETED_DEVICE_FAMILY = "1,2";
			};
			name = Debug;
		};
		1A114444235E007000CD2C4F /* Release */ = {
			isa = XCBuildConfiguration;
			buildSettings = {
				ASSETCATALOG_COMPILER_APPICON_NAME = AppIcon;
				CODE_SIGN_STYLE = Automatic;
				INFOPLIST_FILE = Summary/Info.plist;
				LD_RUNPATH_SEARCH_PATHS = (
					"$(inherited)",
					"@executable_path/Frameworks",
				);
				PRODUCT_BUNDLE_IDENTIFIER = com.WilmanRojas.Summary;
				PRODUCT_NAME = "$(TARGET_NAME)";
				SWIFT_VERSION = 4.2;
				TARGETED_DEVICE_FAMILY = "1,2";
			};
			name = Release;
		};
/* End XCBuildConfiguration section */

/* Begin XCConfigurationList section */
		1A11442B235E006300CD2C4F /* Build configuration list for PBXProject "Summary" */ = {
			isa = XCConfigurationList;
			buildConfigurations = (
				1A114440235E007000CD2C4F /* Debug */,
				1A114441235E007000CD2C4F /* Release */,
			);
			defaultConfigurationIsVisible = 0;
			defaultConfigurationName = Release;
		};
		1A114442235E007000CD2C4F /* Build configuration list for PBXNativeTarget "Summary" */ = {
			isa = XCConfigurationList;
			buildConfigurations = (
				1A114443235E007000CD2C4F /* Debug */,
				1A114444235E007000CD2C4F /* Release */,
			);
			defaultConfigurationIsVisible = 0;
			defaultConfigurationName = Release;
		};
/* End XCConfigurationList section */
	};
	rootObject = 1A114428235E006300CD2C4F /* Project object */;
}
